
Microsoft Visual Studio Solution File, Format Version 12.00
# Visual Studio Version 17
VisualStudioVersion = 17.6.33815.320
MinimumVisualStudioVersion = 10.0.40219.1
Project("{FAE04EC0-301F-11D3-BF4B-00C04F79EFBC}") = "Csillagok", "Csillagok\Csillagok.csproj", "{AA4FE18E-8C19-45F1-A37C-E6D5353C6B94}"
EndProject
Global
	GlobalSection(SolutionConfigurationPlatforms) = preSolution
		Debug|Any CPU = Debug|Any CPU
		Release|Any CPU = Release|Any CPU
	EndGlobalSection
	GlobalSection(ProjectConfigurationPlatforms) = postSolution
		{AA4FE18E-8C19-45F1-A37C-E6D5353C6B94}.Debug|Any CPU.ActiveCfg = Debug|Any CPU
		{AA4FE18E-8C19-45F1-A37C-E6D5353C6B94}.Debug|Any CPU.Build.0 = Debug|Any CPU
		{AA4FE18E-8C19-45F1-A37C-E6D5353C6B94}.Release|Any CPU.ActiveCfg = Release|Any CPU
		{AA4FE18E-8C19-45F1-A37C-E6D5353C6B94}.Release|Any CPU.Build.0 = Release|Any CPU
	EndGlobalSection
	GlobalSection(SolutionProperties) = preSolution
		HideSolutionNode = FALSE
	EndGlobalSection
	GlobalSection(ExtensibilityGlobals) = postSolution
		SolutionGuid = {BDC63834-9CA7-4F2E-8C2A-F2619AA89630}
	EndGlobalSection
EndGlobal
